$ANSIBLE_VAULT;1.1;AES256
38616330383563306233363436313864356632623062623464373661326237633962353664376664
3734363435623235613262633061303937373132336266370a363332643539313166393230643465
66363363336533366337363866353961393939666530666232663664313532323365646665376163
3035393739336363300a353464376430663130396166343030396134383435336639633565646166
61303139353534633734326664346439366165306336383066633664396530333462
